
Microsoft Visual Studio Solution File, Format Version 12.00
# Visual Studio Version 17
VisualStudioVersion = 17.14.36429.23
MinimumVisualStudioVersion = 10.0.40219.1
Project("{FAE04EC0-301F-11D3-BF4B-00C04F79EFBC}") = "MeteorWebApp", "MeteorWebApp.csproj", "{11405707-3427-4224-9BD2-BD63339DFFEE}"
EndProject
Global
	GlobalSection(SolutionConfigurationPlatforms) = preSolution
		Debug|Any CPU = Debug|Any CPU
		Release|Any CPU = Release|Any CPU
	EndGlobalSection
	GlobalSection(ProjectConfigurationPlatforms) = postSolution
		{11405707-3427-4224-9BD2-BD63339DFFEE}.Debug|Any CPU.ActiveCfg = Debug|Any CPU
		{11405707-3427-4224-9BD2-BD63339DFFEE}.Debug|Any CPU.Build.0 = Debug|Any CPU
		{11405707-3427-4224-9BD2-BD63339DFFEE}.Release|Any CPU.ActiveCfg = Release|Any CPU
		{11405707-3427-4224-9BD2-BD63339DFFEE}.Release|Any CPU.Build.0 = Release|Any CPU
	EndGlobalSection
	GlobalSection(SolutionProperties) = preSolution
		HideSolutionNode = FALSE
	EndGlobalSection
	GlobalSection(ExtensibilityGlobals) = postSolution
		SolutionGuid = {3D5A50A0-4BCA-476D-B306-191E6152A38F}
	EndGlobalSection
EndGlobal
